
Microsoft Visual Studio Solution File, Format Version 12.00
# Visual Studio 15
VisualStudioVersion = 15.0.28307.136
MinimumVisualStudioVersion = 10.0.40219.1
Project("{FAE04EC0-301F-11D3-BF4B-00C04F79EFBC}") = "programme_Vierge", "programme_Vierge\programme_Vierge.csproj", "{A1B3FA3A-8314-44BF-ADA1-1825D91EA43E}"
EndProject
Global
	GlobalSection(SolutionConfigurationPlatforms) = preSolution
		Debug|Any CPU = Debug|Any CPU
		Release|Any CPU = Release|Any CPU
	EndGlobalSection
	GlobalSection(ProjectConfigurationPlatforms) = postSolution
		{A1B3FA3A-8314-44BF-ADA1-1825D91EA43E}.Debug|Any CPU.ActiveCfg = Debug|Any CPU
		{A1B3FA3A-8314-44BF-ADA1-1825D91EA43E}.Debug|Any CPU.Build.0 = Debug|Any CPU
		{A1B3FA3A-8314-44BF-ADA1-1825D91EA43E}.Release|Any CPU.ActiveCfg = Release|Any CPU
		{A1B3FA3A-8314-44BF-ADA1-1825D91EA43E}.Release|Any CPU.Build.0 = Release|Any CPU
	EndGlobalSection
	GlobalSection(SolutionProperties) = preSolution
		HideSolutionNode = FALSE
	EndGlobalSection
	GlobalSection(ExtensibilityGlobals) = postSolution
		SolutionGuid = {F310DCC5-899B-4C00-B096-DA4954569880}
	EndGlobalSection
EndGlobal
